
Microsoft Visual Studio Solution File, Format Version 12.00
# Visual Studio 14
VisualStudioVersion = 14.0.25123.0
MinimumVisualStudioVersion = 10.0.40219.1
Project("{FAE04EC0-301F-11D3-BF4B-00C04F79EFBC}") = "AutotinklasInformacinėSistema", "AutotinklasInformacinėSistema\AutotinklasInformacinėSistema.csproj", "{8F80D003-5447-40DF-98E2-581363C78194}"
EndProject
Project("{00D1A9C2-B5F0-4AF3-8072-F6C62B433612}") = "AutotinklasDatabase", "AutotinklasDatabase\AutotinklasDatabase.sqlproj", "{9974FD8F-829E-43BE-8D61-ABD3F856752D}"
EndProject
Project("{FAE04EC0-301F-11D3-BF4B-00C04F79EFBC}") = "AutotinklasUnitTests", "AutotinklasUnitTests\AutotinklasUnitTests.csproj", "{6E0524AD-0E3A-44E1-8E51-F95A5467753A}"
EndProject
Global
	GlobalSection(SolutionConfigurationPlatforms) = preSolution
		Debug|Any CPU = Debug|Any CPU
		Release|Any CPU = Release|Any CPU
	EndGlobalSection
	GlobalSection(ProjectConfigurationPlatforms) = postSolution
		{8F80D003-5447-40DF-98E2-581363C78194}.Debug|Any CPU.ActiveCfg = Debug|Any CPU
		{8F80D003-5447-40DF-98E2-581363C78194}.Debug|Any CPU.Build.0 = Debug|Any CPU
		{8F80D003-5447-40DF-98E2-581363C78194}.Release|Any CPU.ActiveCfg = Release|Any CPU
		{8F80D003-5447-40DF-98E2-581363C78194}.Release|Any CPU.Build.0 = Release|Any CPU
		{9974FD8F-829E-43BE-8D61-ABD3F856752D}.Debug|Any CPU.ActiveCfg = Debug|Any CPU
		{9974FD8F-829E-43BE-8D61-ABD3F856752D}.Debug|Any CPU.Build.0 = Debug|Any CPU
		{9974FD8F-829E-43BE-8D61-ABD3F856752D}.Debug|Any CPU.Deploy.0 = Debug|Any CPU
		{9974FD8F-829E-43BE-8D61-ABD3F856752D}.Release|Any CPU.ActiveCfg = Release|Any CPU
		{9974FD8F-829E-43BE-8D61-ABD3F856752D}.Release|Any CPU.Build.0 = Release|Any CPU
		{9974FD8F-829E-43BE-8D61-ABD3F856752D}.Release|Any CPU.Deploy.0 = Release|Any CPU
		{6E0524AD-0E3A-44E1-8E51-F95A5467753A}.Debug|Any CPU.ActiveCfg = Debug|Any CPU
		{6E0524AD-0E3A-44E1-8E51-F95A5467753A}.Debug|Any CPU.Build.0 = Debug|Any CPU
		{6E0524AD-0E3A-44E1-8E51-F95A5467753A}.Release|Any CPU.ActiveCfg = Release|Any CPU
		{6E0524AD-0E3A-44E1-8E51-F95A5467753A}.Release|Any CPU.Build.0 = Release|Any CPU
	EndGlobalSection
	GlobalSection(SolutionProperties) = preSolution
		HideSolutionNode = FALSE
	EndGlobalSection
EndGlobal
